
Microsoft Visual Studio Solution File, Format Version 10.00
# Visual Studio 2008
Project("{8BC9CEB8-8B4A-11D0-8D11-00A0C91BC942}") = "AstroDroids", "AstroDroids\AstroDroids.vcproj", "{7EF4152C-8746-4036-889C-E0A691389239}"
	ProjectSection(ProjectDependencies) = postProject
		{FB1A9503-D67D-4311-AB3B-113DAD7D6F9F} = {FB1A9503-D67D-4311-AB3B-113DAD7D6F9F}
		{9AD4E727-7127-4D1A-AD20-9C9A015CDC19} = {9AD4E727-7127-4D1A-AD20-9C9A015CDC19}
		{269FCE3E-666B-294B-90B9-66BAB00A4229} = {269FCE3E-666B-294B-90B9-66BAB00A4229}
		{27BB13A0-42FC-4616-AA8A-0B62DE7E4ED9} = {27BB13A0-42FC-4616-AA8A-0B62DE7E4ED9}
		{79E4C7EB-E6E7-4D39-8200-7EFE7F9E9FA3} = {79E4C7EB-E6E7-4D39-8200-7EFE7F9E9FA3}
	EndProjectSection
EndProject
Project("{8BC9CEB8-8B4A-11D0-8D11-00A0C91BC942}") = "Model", "Model\Model.vcproj", "{9AD4E727-7127-4D1A-AD20-9C9A015CDC19}"
	ProjectSection(ProjectDependencies) = postProject
		{269FCE3E-666B-294B-90B9-66BAB00A4229} = {269FCE3E-666B-294B-90B9-66BAB00A4229}
		{42A0719E-7450-4A20-8A2A-82770F39D214} = {42A0719E-7450-4A20-8A2A-82770F39D214}
		{27BB13A0-42FC-4616-AA8A-0B62DE7E4ED9} = {27BB13A0-42FC-4616-AA8A-0B62DE7E4ED9}
	EndProjectSection
EndProject
Project("{8BC9CEB8-8B4A-11D0-8D11-00A0C91BC942}") = "View", "View\View.vcproj", "{79E4C7EB-E6E7-4D39-8200-7EFE7F9E9FA3}"
	ProjectSection(ProjectDependencies) = postProject
		{FB1A9503-D67D-4311-AB3B-113DAD7D6F9F} = {FB1A9503-D67D-4311-AB3B-113DAD7D6F9F}
		{9AD4E727-7127-4D1A-AD20-9C9A015CDC19} = {9AD4E727-7127-4D1A-AD20-9C9A015CDC19}
		{269FCE3E-666B-294B-90B9-66BAB00A4229} = {269FCE3E-666B-294B-90B9-66BAB00A4229}
		{27BB13A0-42FC-4616-AA8A-0B62DE7E4ED9} = {27BB13A0-42FC-4616-AA8A-0B62DE7E4ED9}
	EndProjectSection
EndProject
Project("{8BC9CEB8-8B4A-11D0-8D11-00A0C91BC942}") = "Common", "Common\Common.vcproj", "{DE420CCC-E7CC-4975-B32F-45DC5D99B098}"
EndProject
Project("{2150E333-8FDC-42A3-9474-1A3956D46DE8}") = "ThirdParty", "ThirdParty", "{EFE48632-3CDB-40B5-8F4E-5581AC08F0B0}"
EndProject
Project("{8BC9CEB8-8B4A-11D0-8D11-00A0C91BC942}") = "TiCPP", "ThirdParty\TiCPP\TiCPP.vcproj", "{269FCE3E-666B-294B-90B9-66BAB00A4229}"
EndProject
Project("{8BC9CEB8-8B4A-11D0-8D11-00A0C91BC942}") = "hge", "ThirdParty\hge181\src\core\hge.vcproj", "{FB1A9503-D67D-4311-AB3B-113DAD7D6F9F}"
EndProject
Project("{8BC9CEB8-8B4A-11D0-8D11-00A0C91BC942}") = "Utilities", "Utilities\Utilities.vcproj", "{27BB13A0-42FC-4616-AA8A-0B62DE7E4ED9}"
EndProject
Project("{8BC9CEB8-8B4A-11D0-8D11-00A0C91BC942}") = "Box2D", "ThirdParty\Box2D\Box2D.vcproj", "{42A0719E-7450-4A20-8A2A-82770F39D214}"
EndProject
Global
	GlobalSection(SolutionConfigurationPlatforms) = preSolution
		Debug|Win32 = Debug|Win32
		Release|Win32 = Release|Win32
	EndGlobalSection
	GlobalSection(ProjectConfigurationPlatforms) = postSolution
		{7EF4152C-8746-4036-889C-E0A691389239}.Debug|Win32.ActiveCfg = Debug|Win32
		{7EF4152C-8746-4036-889C-E0A691389239}.Debug|Win32.Build.0 = Debug|Win32
		{7EF4152C-8746-4036-889C-E0A691389239}.Release|Win32.ActiveCfg = Release|Win32
		{7EF4152C-8746-4036-889C-E0A691389239}.Release|Win32.Build.0 = Release|Win32
		{9AD4E727-7127-4D1A-AD20-9C9A015CDC19}.Debug|Win32.ActiveCfg = Debug|Win32
		{9AD4E727-7127-4D1A-AD20-9C9A015CDC19}.Debug|Win32.Build.0 = Debug|Win32
		{9AD4E727-7127-4D1A-AD20-9C9A015CDC19}.Release|Win32.ActiveCfg = Release|Win32
		{9AD4E727-7127-4D1A-AD20-9C9A015CDC19}.Release|Win32.Build.0 = Release|Win32
		{79E4C7EB-E6E7-4D39-8200-7EFE7F9E9FA3}.Debug|Win32.ActiveCfg = Debug|Win32
		{79E4C7EB-E6E7-4D39-8200-7EFE7F9E9FA3}.Debug|Win32.Build.0 = Debug|Win32
		{79E4C7EB-E6E7-4D39-8200-7EFE7F9E9FA3}.Release|Win32.ActiveCfg = Release|Win32
		{79E4C7EB-E6E7-4D39-8200-7EFE7F9E9FA3}.Release|Win32.Build.0 = Release|Win32
		{DE420CCC-E7CC-4975-B32F-45DC5D99B098}.Debug|Win32.ActiveCfg = Debug|Win32
		{DE420CCC-E7CC-4975-B32F-45DC5D99B098}.Debug|Win32.Build.0 = Debug|Win32
		{DE420CCC-E7CC-4975-B32F-45DC5D99B098}.Release|Win32.ActiveCfg = Release|Win32
		{DE420CCC-E7CC-4975-B32F-45DC5D99B098}.Release|Win32.Build.0 = Release|Win32
		{269FCE3E-666B-294B-90B9-66BAB00A4229}.Debug|Win32.ActiveCfg = Debug|Win32
		{269FCE3E-666B-294B-90B9-66BAB00A4229}.Debug|Win32.Build.0 = Debug|Win32
		{269FCE3E-666B-294B-90B9-66BAB00A4229}.Release|Win32.ActiveCfg = Release|Win32
		{269FCE3E-666B-294B-90B9-66BAB00A4229}.Release|Win32.Build.0 = Release|Win32
		{FB1A9503-D67D-4311-AB3B-113DAD7D6F9F}.Debug|Win32.ActiveCfg = Debug|Win32
		{FB1A9503-D67D-4311-AB3B-113DAD7D6F9F}.Debug|Win32.Build.0 = Debug|Win32
		{FB1A9503-D67D-4311-AB3B-113DAD7D6F9F}.Release|Win32.ActiveCfg = Release|Win32
		{FB1A9503-D67D-4311-AB3B-113DAD7D6F9F}.Release|Win32.Build.0 = Release|Win32
		{27BB13A0-42FC-4616-AA8A-0B62DE7E4ED9}.Debug|Win32.ActiveCfg = Debug|Win32
		{27BB13A0-42FC-4616-AA8A-0B62DE7E4ED9}.Debug|Win32.Build.0 = Debug|Win32
		{27BB13A0-42FC-4616-AA8A-0B62DE7E4ED9}.Release|Win32.ActiveCfg = Release|Win32
		{27BB13A0-42FC-4616-AA8A-0B62DE7E4ED9}.Release|Win32.Build.0 = Release|Win32
		{42A0719E-7450-4A20-8A2A-82770F39D214}.Debug|Win32.ActiveCfg = Debug|Win32
		{42A0719E-7450-4A20-8A2A-82770F39D214}.Debug|Win32.Build.0 = Debug|Win32
		{42A0719E-7450-4A20-8A2A-82770F39D214}.Release|Win32.ActiveCfg = Release|Win32
		{42A0719E-7450-4A20-8A2A-82770F39D214}.Release|Win32.Build.0 = Release|Win32
	EndGlobalSection
	GlobalSection(SolutionProperties) = preSolution
		HideSolutionNode = FALSE
	EndGlobalSection
	GlobalSection(NestedProjects) = preSolution
		{269FCE3E-666B-294B-90B9-66BAB00A4229} = {EFE48632-3CDB-40B5-8F4E-5581AC08F0B0}
		{FB1A9503-D67D-4311-AB3B-113DAD7D6F9F} = {EFE48632-3CDB-40B5-8F4E-5581AC08F0B0}
		{42A0719E-7450-4A20-8A2A-82770F39D214} = {EFE48632-3CDB-40B5-8F4E-5581AC08F0B0}
	EndGlobalSection
EndGlobal
